{
  "requires": true,
  "lockfileVersion": 1,
  "dependencies": {
    "bulma-accordion": {
      "version": "2.0.1",
      "resolved": "https://registry.npmjs.org/bulma-accordion/-/bulma-accordion-2.0.1.tgz",
      "integrity": "sha512-qqLN67Y60c0adHAVvQmJTr6rhg0FWUCWbswFaW/3+offjc6ujqrUoIdlzX1avni4d/aJEl7j9PckfRGmIJcxxQ=="
    }
  }
}
